
Microsoft Visual Studio Solution File, Format Version 12.00
# Visual Studio Version 16
VisualStudioVersion = 16.0.28714.193
MinimumVisualStudioVersion = 10.0.40219.1
Project("{888888A0-9F3D-457C-B088-3A5042F75D52}") = "ImageExtraction", "ImageExtraction\ImageExtraction.pyproj", "{0D0D14D6-DF12-453D-A985-1A51BCCD3F4E}"
EndProject
Global
	GlobalSection(SolutionConfigurationPlatforms) = preSolution
		Debug|Any CPU = Debug|Any CPU
		Release|Any CPU = Release|Any CPU
	EndGlobalSection
	GlobalSection(ProjectConfigurationPlatforms) = postSolution
		{0D0D14D6-DF12-453D-A985-1A51BCCD3F4E}.Debug|Any CPU.ActiveCfg = Debug|Any CPU
		{0D0D14D6-DF12-453D-A985-1A51BCCD3F4E}.Release|Any CPU.ActiveCfg = Release|Any CPU
	EndGlobalSection
	GlobalSection(SolutionProperties) = preSolution
		HideSolutionNode = FALSE
	EndGlobalSection
	GlobalSection(ExtensibilityGlobals) = postSolution
		SolutionGuid = {054C42F6-35A3-46F2-93BC-ABFE5178699B}
	EndGlobalSection
EndGlobal
